
Microsoft Visual Studio Solution File, Format Version 12.00
# Visual Studio Version 17
VisualStudioVersion = 17.0.32014.148
MinimumVisualStudioVersion = 10.0.40219.1
Project("{FAE04EC0-301F-11D3-BF4B-00C04F79EFBC}") = "ClassLabNu", "ClassLabNu\ClassLabNu.csproj", "{43D96731-EBDF-4952-806B-512C14AADCF0}"
EndProject
Project("{FAE04EC0-301F-11D3-BF4B-00C04F79EFBC}") = "ComercialSys91", "ComercialSys91\ComercialSys91.csproj", "{0111F33B-45F9-4800-BCA7-7CEB91FEF40E}"
EndProject
Global
	GlobalSection(SolutionConfigurationPlatforms) = preSolution
		Debug|Any CPU = Debug|Any CPU
		Release|Any CPU = Release|Any CPU
	EndGlobalSection
	GlobalSection(ProjectConfigurationPlatforms) = postSolution
		{43D96731-EBDF-4952-806B-512C14AADCF0}.Debug|Any CPU.ActiveCfg = Debug|Any CPU
		{43D96731-EBDF-4952-806B-512C14AADCF0}.Debug|Any CPU.Build.0 = Debug|Any CPU
		{43D96731-EBDF-4952-806B-512C14AADCF0}.Release|Any CPU.ActiveCfg = Release|Any CPU
		{43D96731-EBDF-4952-806B-512C14AADCF0}.Release|Any CPU.Build.0 = Release|Any CPU
		{0111F33B-45F9-4800-BCA7-7CEB91FEF40E}.Debug|Any CPU.ActiveCfg = Debug|Any CPU
		{0111F33B-45F9-4800-BCA7-7CEB91FEF40E}.Debug|Any CPU.Build.0 = Debug|Any CPU
		{0111F33B-45F9-4800-BCA7-7CEB91FEF40E}.Release|Any CPU.ActiveCfg = Release|Any CPU
		{0111F33B-45F9-4800-BCA7-7CEB91FEF40E}.Release|Any CPU.Build.0 = Release|Any CPU
	EndGlobalSection
	GlobalSection(SolutionProperties) = preSolution
		HideSolutionNode = FALSE
	EndGlobalSection
	GlobalSection(ExtensibilityGlobals) = postSolution
		SolutionGuid = {5DFEFB14-653F-47E4-A44F-990FCD66F54C}
	EndGlobalSection
EndGlobal
